// !$*UTF8*$!
{
	archiveVersion = 1;
	classes = {
	};
	objectVersion = 56;
	objects = {

/* Begin PBXBuildFile section */
		FB5B17342EB460B800128AD0 /* drawing_document.swift in Sources */ = {isa = PBXBuildFile; fileRef = FB5B17332EB460B800128AD0 /* drawing_document.swift */; };
		FB5B17362EB461EE00128AD0 /* drawing_serializer.swift in Sources */ = {isa = PBXBuildFile; fileRef = FB5B17352EB461EE00128AD0 /* drawing_serializer.swift */; };
		FB5B17382EB482AE00128AD0 /* coordinate_converter.swift in Sources */ = {isa = PBXBuildFile; fileRef = FB5B17372EB482AE00128AD0 /* coordinate_converter.swift */; };
		FB6E2C2D2EDBE1C600E8EF11 /* Shape.swift in Sources */ = {isa = PBXBuildFile; fileRef = FB6E2C2C2EDBE1C600E8EF11 /* Shape.swift */; };
		FB6E2C2F2EDBE22B00E8EF11 /* InteractionMode.swift in Sources */ = {isa = PBXBuildFile; fileRef = FB6E2C2E2EDBE22B00E8EF11 /* InteractionMode.swift */; };
		FB6E2C312EDBE27E00E8EF11 /* HitTesting.swift in Sources */ = {isa = PBXBuildFile; fileRef = FB6E2C302EDBE27E00E8EF11 /* HitTesting.swift */; };
		FB6E2C352EDBE2F600E8EF11 /* EditToolbar.swift in Sources */ = {isa = PBXBuildFile; fileRef = FB6E2C342EDBE2F600E8EF11 /* EditToolbar.swift */; };
		FB6E2C392EDBE8BD00E8EF11 /* SharedComponents.swift in Sources */ = {isa = PBXBuildFile; fileRef = FB6E2C382EDBE8BD00E8EF11 /* SharedComponents.swift */; };
		FB9900012EF90516007D4364 /* ShapeResizer.swift in Sources */ = {isa = PBXBuildFile; fileRef = FB9900002EF90516007D4364 /* ShapeResizer.swift */; };
		FB99FFFD2EF8FCE8007D4364 /* ResizeHandle.swift in Sources */ = {isa = PBXBuildFile; fileRef = FB99FFFC2EF8FCE8007D4364 /* ResizeHandle.swift */; };
		FB99FFFF2EF8FD30007D4364 /* SelectionOverlay.swift in Sources */ = {isa = PBXBuildFile; fileRef = FB99FFFE2EF8FD30007D4364 /* SelectionOverlay.swift */; };
		FBBB353C2EBC3F720067C79C /* DrawingMode.swift in Sources */ = {isa = PBXBuildFile; fileRef = FBBB353B2EBC3F720067C79C /* DrawingMode.swift */; };
		FBBB353E2EBC3FB60067C79C /* DrawingToolbar.swift in Sources */ = {isa = PBXBuildFile; fileRef = FBBB353D2EBC3FB60067C79C /* DrawingToolbar.swift */; };
		FBE90E3C2E2B7E2E00C0CCC3 /* CADTaylorApp.swift in Sources */ = {isa = PBXBuildFile; fileRef = FBE90E3B2E2B7E2E00C0CCC3 /* CADTaylorApp.swift */; };
		FBE90E402E2B7E3000C0CCC3 /* Assets.xcassets in Resources */ = {isa = PBXBuildFile; fileRef = FBE90E3F2E2B7E3000C0CCC3 /* Assets.xcassets */; };
		FBE90E432E2B7E3000C0CCC3 /* Preview Assets.xcassets in Resources */ = {isa = PBXBuildFile; fileRef = FBE90E422E2B7E3000C0CCC3 /* Preview Assets.xcassets */; };
		FBF935592E938FE0003618E6 /* MenuCommands.swift in Sources */ = {isa = PBXBuildFile; fileRef = FBF935582E938FE0003618E6 /* MenuCommands.swift */; };
		FBF9355B2E939050003618E6 /* NotificationNames.swift in Sources */ = {isa = PBXBuildFile; fileRef = FBF9355A2E939050003618E6 /* NotificationNames.swift */; };
		FBF9355E2E9390E1003618E6 /* Line.swift in Sources */ = {isa = PBXBuildFile; fileRef = FBF9355D2E9390E1003618E6 /* Line.swift */; };
		FBF935612E93913C003618E6 /* PDFExporter.swift in Sources */ = {isa = PBXBuildFile; fileRef = FBF935602E93913C003618E6 /* PDFExporter.swift */; };
		FBF935642E9391A1003618E6 /* DrawingCanvasView.swift in Sources */ = {isa = PBXBuildFile; fileRef = FBF935632E9391A1003618E6 /* DrawingCanvasView.swift */; };
		FBF935682E939233003618E6 /* DrawingView.swift in Sources */ = {isa = PBXBuildFile; fileRef = FBF935672E939233003618E6 /* DrawingView.swift */; };
		FBF9356B2E939281003618E6 /* ViewModifiers.swift in Sources */ = {isa = PBXBuildFile; fileRef = FBF9356A2E939281003618E6 /* ViewModifiers.swift */; };
		FBF9356D2E939F20003618E6 /* WindowManager.swift in Sources */ = {isa = PBXBuildFile; fileRef = FBF9356C2E939F20003618E6 /* WindowManager.swift */; };
/* End PBXBuildFile section */

/* Begin PBXFileReference section */
		FB5B17332EB460B800128AD0 /* drawing_document.swift */ = {isa = PBXFileReference; fileEncoding = 4; lastKnownFileType = sourcecode.swift; path = drawing_document.swift; sourceTree = "<group>"; };
		FB5B17352EB461EE00128AD0 /* drawing_serializer.swift */ = {isa = PBXFileReference; fileEncoding = 4; lastKnownFileType = sourcecode.swift; path = drawing_serializer.swift; sourceTree = "<group>"; };
		FB5B17372EB482AE00128AD0 /* coordinate_converter.swift */ = {isa = PBXFileReference; fileEncoding = 4; lastKnownFileType = sourcecode.swift; path = coordinate_converter.swift; sourceTree = "<group>"; };
		FB6E2C2C2EDBE1C600E8EF11 /* Shape.swift */ = {isa = PBXFileReference; lastKnownFileType = sourcecode.swift; path = Shape.swift; sourceTree = "<group>"; };
		FB6E2C2E2EDBE22B00E8EF11 /* InteractionMode.swift */ = {isa = PBXFileReference; lastKnownFileType = sourcecode.swift; path = InteractionMode.swift; sourceTree = "<group>"; };
		FB6E2C302EDBE27E00E8EF11 /* HitTesting.swift */ = {isa = PBXFileReference; lastKnownFileType = sourcecode.swift; path = HitTesting.swift; sourceTree = "<group>"; };
		FB6E2C342EDBE2F600E8EF11 /* EditToolbar.swift */ = {isa = PBXFileReference; lastKnownFileType = sourcecode.swift; path = EditToolbar.swift; sourceTree = "<group>"; };
		FB6E2C382EDBE8BD00E8EF11 /* SharedComponents.swift */ = {isa = PBXFileReference; lastKnownFileType = sourcecode.swift; path = SharedComponents.swift; sourceTree = "<group>"; };
		FB9900002EF90516007D4364 /* ShapeResizer.swift */ = {isa = PBXFileReference; lastKnownFileType = sourcecode.swift; path = ShapeResizer.swift; sourceTree = "<group>"; };
		FB99FFFC2EF8FCE8007D4364 /* ResizeHandle.swift */ = {isa = PBXFileReference; lastKnownFileType = sourcecode.swift; path = ResizeHandle.swift; sourceTree = "<group>"; };
		FB99FFFE2EF8FD30007D4364 /* SelectionOverlay.swift */ = {isa = PBXFileReference; lastKnownFileType = sourcecode.swift; path = SelectionOverlay.swift; sourceTree = "<group>"; };
		FBBB353B2EBC3F720067C79C /* DrawingMode.swift */ = {isa = PBXFileReference; lastKnownFileType = sourcecode.swift; path = DrawingMode.swift; sourceTree = "<group>"; };
		FBBB353D2EBC3FB60067C79C /* DrawingToolbar.swift */ = {isa = PBXFileReference; lastKnownFileType = sourcecode.swift; path = DrawingToolbar.swift; sourceTree = "<group>"; };
		FBE90E382E2B7E2E00C0CCC3 /* CAD Taylor.app */ = {isa = PBXFileReference; explicitFileType = wrapper.application; includeInIndex = 0; path = "CAD Taylor.app"; sourceTree = BUILT_PRODUCTS_DIR; };
		FBE90E3B2E2B7E2E00C0CCC3 /* CADTaylorApp.swift */ = {isa = PBXFileReference; lastKnownFileType = sourcecode.swift; path = CADTaylorApp.swift; sourceTree = "<group>"; };
		FBE90E3F2E2B7E3000C0CCC3 /* Assets.xcassets */ = {isa = PBXFileReference; lastKnownFileType = folder.assetcatalog; path = Assets.xcassets; sourceTree = "<group>"; };
		FBE90E422E2B7E3000C0CCC3 /* Preview Assets.xcassets */ = {isa = PBXFileReference; lastKnownFileType = folder.assetcatalog; path = "Preview Assets.xcassets"; sourceTree = "<group>"; };
		FBE90E442E2B7E3000C0CCC3 /* CAD_Taylor.entitlements */ = {isa = PBXFileReference; lastKnownFileType = text.plist.entitlements; path = CAD_Taylor.entitlements; sourceTree = "<group>"; };
		FBF935582E938FE0003618E6 /* MenuCommands.swift */ = {isa = PBXFileReference; lastKnownFileType = sourcecode.swift; path = MenuCommands.swift; sourceTree = "<group>"; };
		FBF9355A2E939050003618E6 /* NotificationNames.swift */ = {isa = PBXFileReference; lastKnownFileType = sourcecode.swift; path = NotificationNames.swift; sourceTree = "<group>"; };
		FBF9355D2E9390E1003618E6 /* Line.swift */ = {isa = PBXFileReference; lastKnownFileType = sourcecode.swift; path = Line.swift; sourceTree = "<group>"; };
		FBF935602E93913C003618E6 /* PDFExporter.swift */ = {isa = PBXFileReference; lastKnownFileType = sourcecode.swift; path = PDFExporter.swift; sourceTree = "<group>"; };
		FBF935632E9391A1003618E6 /* DrawingCanvasView.swift */ = {isa = PBXFileReference; lastKnownFileType = sourcecode.swift; path = DrawingCanvasView.swift; sourceTree = "<group>"; };
		FBF935672E939233003618E6 /* DrawingView.swift */ = {isa = PBXFileReference; lastKnownFileType = sourcecode.swift; path = DrawingView.swift; sourceTree = "<group>"; };
		FBF9356A2E939281003618E6 /* ViewModifiers.swift */ = {isa = PBXFileReference; lastKnownFileType = sourcecode.swift; path = ViewModifiers.swift; sourceTree = "<group>"; };
		FBF9356C2E939F20003618E6 /* WindowManager.swift */ = {isa = PBXFileReference; lastKnownFileType = sourcecode.swift; path = WindowManager.swift; sourceTree = "<group>"; };
/* End PBXFileReference section */

/* Begin PBXFrameworksBuildPhase section */
		FBE90E352E2B7E2E00C0CCC3 /* Frameworks */ = {
			isa = PBXFrameworksBuildPhase;
			buildActionMask = 2147483647;
			files = (
			);
			runOnlyForDeploymentPostprocessing = 0;
		};
/* End PBXFrameworksBuildPhase section */

/* Begin PBXGroup section */
		FBE90E2F2E2B7E2E00C0CCC3 = {
			isa = PBXGroup;
			children = (
				FBE90E3A2E2B7E2E00C0CCC3 /* CAD Taylor */,
				FBE90E392E2B7E2E00C0CCC3 /* Products */,
			);
			sourceTree = "<group>";
		};
		FBE90E392E2B7E2E00C0CCC3 /* Products */ = {
			isa = PBXGroup;
			children = (
				FBE90E382E2B7E2E00C0CCC3 /* CAD Taylor.app */,
			);
			name = Products;
			sourceTree = "<group>";
		};
		FBE90E3A2E2B7E2E00C0CCC3 /* CAD Taylor */ = {
			isa = PBXGroup;
			children = (
				FBF935692E939263003618E6 /* Utilities */,
				FBF935622E939184003618E6 /* Views */,
				FBF9355F2E93911A003618E6 /* Services */,
				FBE90E3B2E2B7E2E00C0CCC3 /* CADTaylorApp.swift */,
				FBF935582E938FE0003618E6 /* MenuCommands.swift */,
				FBF9355A2E939050003618E6 /* NotificationNames.swift */,
				FBF9355C2E9390AC003618E6 /* Models */,
				FBE90E3F2E2B7E3000C0CCC3 /* Assets.xcassets */,
				FBE90E442E2B7E3000C0CCC3 /* CAD_Taylor.entitlements */,
				FBE90E412E2B7E3000C0CCC3 /* Preview Content */,
				FBF9356C2E939F20003618E6 /* WindowManager.swift */,
			);
			path = "CAD Taylor";
			sourceTree = "<group>";
		};
		FBE90E412E2B7E3000C0CCC3 /* Preview Content */ = {
			isa = PBXGroup;
			children = (
				FBE90E422E2B7E3000C0CCC3 /* Preview Assets.xcassets */,
			);
			path = "Preview Content";
			sourceTree = "<group>";
		};
		FBF9355C2E9390AC003618E6 /* Models */ = {
			isa = PBXGroup;
			children = (
				FB5B17332EB460B800128AD0 /* drawing_document.swift */,
				FBF9355D2E9390E1003618E6 /* Line.swift */,
				FBBB353B2EBC3F720067C79C /* DrawingMode.swift */,
				FB6E2C2C2EDBE1C600E8EF11 /* Shape.swift */,
				FB6E2C2E2EDBE22B00E8EF11 /* InteractionMode.swift */,
			);
			path = Models;
			sourceTree = "<group>";
		};
		FBF9355F2E93911A003618E6 /* Services */ = {
			isa = PBXGroup;
			children = (
				FBF935602E93913C003618E6 /* PDFExporter.swift */,
			);
			path = Services;
			sourceTree = "<group>";
		};
		FBF935622E939184003618E6 /* Views */ = {
			isa = PBXGroup;
			children = (
				FBF935632E9391A1003618E6 /* DrawingCanvasView.swift */,
				FBF935672E939233003618E6 /* DrawingView.swift */,
				FBBB353D2EBC3FB60067C79C /* DrawingToolbar.swift */,
				FB6E2C342EDBE2F600E8EF11 /* EditToolbar.swift */,
				FB6E2C382EDBE8BD00E8EF11 /* SharedComponents.swift */,
				FB99FFFE2EF8FD30007D4364 /* SelectionOverlay.swift */,
			);
			path = Views;
			sourceTree = "<group>";
		};
		FBF935692E939263003618E6 /* Utilities */ = {
			isa = PBXGroup;
			children = (
				FB5B17372EB482AE00128AD0 /* coordinate_converter.swift */,
				FB5B17352EB461EE00128AD0 /* drawing_serializer.swift */,
				FBF9356A2E939281003618E6 /* ViewModifiers.swift */,
				FB6E2C302EDBE27E00E8EF11 /* HitTesting.swift */,
				FB99FFFC2EF8FCE8007D4364 /* ResizeHandle.swift */,
				FB9900002EF90516007D4364 /* ShapeResizer.swift */,
			);
			path = Utilities;
			sourceTree = "<group>";
		};
/* End PBXGroup section */

/* Begin PBXNativeTarget section */
		FBE90E372E2B7E2E00C0CCC3 /* CAD Taylor */ = {
			isa = PBXNativeTarget;
			buildConfigurationList = FBE90E472E2B7E3000C0CCC3 /* Build configuration list for PBXNativeTarget "CAD Taylor" */;
			buildPhases = (
				FBE90E342E2B7E2E00C0CCC3 /* Sources */,
				FBE90E352E2B7E2E00C0CCC3 /* Frameworks */,
				FBE90E362E2B7E2E00C0CCC3 /* Resources */,
			);
			buildRules = (
			);
			dependencies = (
			);
			name = "CAD Taylor";
			productName = "CAD Taylor";
			productReference = FBE90E382E2B7E2E00C0CCC3 /* CAD Taylor.app */;
			productType = "com.apple.product-type.application";
		};
/* End PBXNativeTarget section */

/* Begin PBXProject section */
		FBE90E302E2B7E2E00C0CCC3 /* Project object */ = {
			isa = PBXProject;
			attributes = {
				BuildIndependentTargetsInParallel = 1;
				LastSwiftUpdateCheck = 1420;
				LastUpgradeCheck = 1420;
				TargetAttributes = {
					FBE90E372E2B7E2E00C0CCC3 = {
						CreatedOnToolsVersion = 14.2;
					};
				};
			};
			buildConfigurationList = FBE90E332E2B7E2E00C0CCC3 /* Build configuration list for PBXProject "CAD Taylor" */;
			compatibilityVersion = "Xcode 14.0";
			developmentRegion = en;
			hasScannedForEncodings = 0;
			knownRegions = (
				en,
				Base,
			);
			mainGroup = FBE90E2F2E2B7E2E00C0CCC3;
			productRefGroup = FBE90E392E2B7E2E00C0CCC3 /* Products */;
			projectDirPath = "";
			projectRoot = "";
			targets = (
				FBE90E372E2B7E2E00C0CCC3 /* CAD Taylor */,
			);
		};
/* End PBXProject section */

/* Begin PBXResourcesBuildPhase section */
		FBE90E362E2B7E2E00C0CCC3 /* Resources */ = {
			isa = PBXResourcesBuildPhase;
			buildActionMask = 2147483647;
			files = (
				FBE90E432E2B7E3000C0CCC3 /* Preview Assets.xcassets in Resources */,
				FBE90E402E2B7E3000C0CCC3 /* Assets.xcassets in Resources */,
			);
			runOnlyForDeploymentPostprocessing = 0;
		};
/* End PBXResourcesBuildPhase section */

/* Begin PBXSourcesBuildPhase section */
		FBE90E342E2B7E2E00C0CCC3 /* Sources */ = {
			isa = PBXSourcesBuildPhase;
			buildActionMask = 2147483647;
			files = (
				FB6E2C312EDBE27E00E8EF11 /* HitTesting.swift in Sources */,
				FB5B17362EB461EE00128AD0 /* drawing_serializer.swift in Sources */,
				FBF935612E93913C003618E6 /* PDFExporter.swift in Sources */,
				FBF935592E938FE0003618E6 /* MenuCommands.swift in Sources */,
				FBF9355E2E9390E1003618E6 /* Line.swift in Sources */,
				FBBB353E2EBC3FB60067C79C /* DrawingToolbar.swift in Sources */,
				FB6E2C2F2EDBE22B00E8EF11 /* InteractionMode.swift in Sources */,
				FB99FFFF2EF8FD30007D4364 /* SelectionOverlay.swift in Sources */,
				FBF9356B2E939281003618E6 /* ViewModifiers.swift in Sources */,
				FBF935682E939233003618E6 /* DrawingView.swift in Sources */,
				FBF9355B2E939050003618E6 /* NotificationNames.swift in Sources */,
				FBE90E3C2E2B7E2E00C0CCC3 /* CADTaylorApp.swift in Sources */,
				FBBB353C2EBC3F720067C79C /* DrawingMode.swift in Sources */,
				FB6E2C2D2EDBE1C600E8EF11 /* Shape.swift in Sources */,
				FB6E2C392EDBE8BD00E8EF11 /* SharedComponents.swift in Sources */,
				FB5B17382EB482AE00128AD0 /* coordinate_converter.swift in Sources */,
				FB6E2C352EDBE2F600E8EF11 /* EditToolbar.swift in Sources */,
				FBF935642E9391A1003618E6 /* DrawingCanvasView.swift in Sources */,
				FB9900012EF90516007D4364 /* ShapeResizer.swift in Sources */,
				FB99FFFD2EF8FCE8007D4364 /* ResizeHandle.swift in Sources */,
				FB5B17342EB460B800128AD0 /* drawing_document.swift in Sources */,
				FBF9356D2E939F20003618E6 /* WindowManager.swift in Sources */,
			);
			runOnlyForDeploymentPostprocessing = 0;
		};
/* End PBXSourcesBuildPhase section */

/* Begin XCBuildConfiguration section */
		FBE90E452E2B7E3000C0CCC3 /* Debug */ = {
			isa = XCBuildConfiguration;
			buildSettings = {
				ALWAYS_SEARCH_USER_PATHS = NO;
				CLANG_ANALYZER_NONNULL = YES;
				CLANG_ANALYZER_NUMBER_OBJECT_CONVERSION = YES_AGGRESSIVE;
				CLANG_CXX_LANGUAGE_STANDARD = "gnu++20";
				CLANG_ENABLE_MODULES = YES;
				CLANG_ENABLE_OBJC_ARC = YES;
				CLANG_ENABLE_OBJC_WEAK = YES;
				CLANG_WARN_BLOCK_CAPTURE_AUTORELEASING = YES;
				CLANG_WARN_BOOL_CONVERSION = YES;
				CLANG_WARN_COMMA = YES;
				CLANG_WARN_CONSTANT_CONVERSION = YES;
				CLANG_WARN_DEPRECATED_OBJC_IMPLEMENTATIONS = YES;
				CLANG_WARN_DIRECT_OBJC_ISA_USAGE = YES_ERROR;
				CLANG_WARN_DOCUMENTATION_COMMENTS = YES;
				CLANG_WARN_EMPTY_BODY = YES;
				CLANG_WARN_ENUM_CONVERSION = YES;
				CLANG_WARN_INFINITE_RECURSION = YES;
				CLANG_WARN_INT_CONVERSION = YES;
				CLANG_WARN_NON_LITERAL_NULL_CONVERSION = YES;
				CLANG_WARN_OBJC_IMPLICIT_RETAIN_SELF = YES;
				CLANG_WARN_OBJC_LITERAL_CONVERSION = YES;
				CLANG_WARN_OBJC_ROOT_CLASS = YES_ERROR;
				CLANG_WARN_QUOTED_INCLUDE_IN_FRAMEWORK_HEADER = YES;
				CLANG_WARN_RANGE_LOOP_ANALYSIS = YES;
				CLANG_WARN_STRICT_PROTOTYPES = YES;
				CLANG_WARN_SUSPICIOUS_MOVE = YES;
				CLANG_WARN_UNGUARDED_AVAILABILITY = YES_AGGRESSIVE;
				CLANG_WARN_UNREACHABLE_CODE = YES;
				CLANG_WARN__DUPLICATE_METHOD_MATCH = YES;
				COPY_PHASE_STRIP = NO;
				DEBUG_INFORMATION_FORMAT = dwarf;
				ENABLE_STRICT_OBJC_MSGSEND = YES;
				ENABLE_TESTABILITY = YES;
				GCC_C_LANGUAGE_STANDARD = gnu11;
				GCC_DYNAMIC_NO_PIC = NO;
				GCC_NO_COMMON_BLOCKS = YES;
				GCC_OPTIMIZATION_LEVEL = 0;
				GCC_PREPROCESSOR_DEFINITIONS = (
					"DEBUG=1",
					"$(inherited)",
				);
				GCC_WARN_64_TO_32_BIT_CONVERSION = YES;
				GCC_WARN_ABOUT_RETURN_TYPE = YES_ERROR;
				GCC_WARN_UNDECLARED_SELECTOR = YES;
				GCC_WARN_UNINITIALIZED_AUTOS = YES_AGGRESSIVE;
				GCC_WARN_UNUSED_FUNCTION = YES;
				GCC_WARN_UNUSED_VARIABLE = YES;
				MACOSX_DEPLOYMENT_TARGET = 12.7;
				MTL_ENABLE_DEBUG_INFO = INCLUDE_SOURCE;
				MTL_FAST_MATH = YES;
				ONLY_ACTIVE_ARCH = YES;
				SDKROOT = macosx;
				SWIFT_ACTIVE_COMPILATION_CONDITIONS = DEBUG;
				SWIFT_OPTIMIZATION_LEVEL = "-Onone";
			};
			name = Debug;
		};
		FBE90E462E2B7E3000C0CCC3 /* Release */ = {
			isa = XCBuildConfiguration;
			buildSettings = {
				ALWAYS_SEARCH_USER_PATHS = NO;
				CLANG_ANALYZER_NONNULL = YES;
				CLANG_ANALYZER_NUMBER_OBJECT_CONVERSION = YES_AGGRESSIVE;
				CLANG_CXX_LANGUAGE_STANDARD = "gnu++20";
				CLANG_ENABLE_MODULES = YES;
				CLANG_ENABLE_OBJC_ARC = YES;
				CLANG_ENABLE_OBJC_WEAK = YES;
				CLANG_WARN_BLOCK_CAPTURE_AUTORELEASING = YES;
				CLANG_WARN_BOOL_CONVERSION = YES;
				CLANG_WARN_COMMA = YES;
				CLANG_WARN_CONSTANT_CONVERSION = YES;
				CLANG_WARN_DEPRECATED_OBJC_IMPLEMENTATIONS = YES;
				CLANG_WARN_DIRECT_OBJC_ISA_USAGE = YES_ERROR;
				CLANG_WARN_DOCUMENTATION_COMMENTS = YES;
				CLANG_WARN_EMPTY_BODY = YES;
				CLANG_WARN_ENUM_CONVERSION = YES;
				CLANG_WARN_INFINITE_RECURSION = YES;
				CLANG_WARN_INT_CONVERSION = YES;
				CLANG_WARN_NON_LITERAL_NULL_CONVERSION = YES;
				CLANG_WARN_OBJC_IMPLICIT_RETAIN_SELF = YES;
				CLANG_WARN_OBJC_LITERAL_CONVERSION = YES;
				CLANG_WARN_OBJC_ROOT_CLASS = YES_ERROR;
				CLANG_WARN_QUOTED_INCLUDE_IN_FRAMEWORK_HEADER = YES;
				CLANG_WARN_RANGE_LOOP_ANALYSIS = YES;
				CLANG_WARN_STRICT_PROTOTYPES = YES;
				CLANG_WARN_SUSPICIOUS_MOVE = YES;
				CLANG_WARN_UNGUARDED_AVAILABILITY = YES_AGGRESSIVE;
				CLANG_WARN_UNREACHABLE_CODE = YES;
				CLANG_WARN__DUPLICATE_METHOD_MATCH = YES;
				COPY_PHASE_STRIP = NO;
				DEBUG_INFORMATION_FORMAT = "dwarf-with-dsym";
				ENABLE_NS_ASSERTIONS = NO;
				ENABLE_STRICT_OBJC_MSGSEND = YES;
				GCC_C_LANGUAGE_STANDARD = gnu11;
				GCC_NO_COMMON_BLOCKS = YES;
				GCC_WARN_64_TO_32_BIT_CONVERSION = YES;
				GCC_WARN_ABOUT_RETURN_TYPE = YES_ERROR;
				GCC_WARN_UNDECLARED_SELECTOR = YES;
				GCC_WARN_UNINITIALIZED_AUTOS = YES_AGGRESSIVE;
				GCC_WARN_UNUSED_FUNCTION = YES;
				GCC_WARN_UNUSED_VARIABLE = YES;
				MACOSX_DEPLOYMENT_TARGET = 12.7;
				MTL_ENABLE_DEBUG_INFO = NO;
				MTL_FAST_MATH = YES;
				SDKROOT = macosx;
				SWIFT_COMPILATION_MODE = wholemodule;
				SWIFT_OPTIMIZATION_LEVEL = "-O";
			};
			name = Release;
		};
		FBE90E482E2B7E3000C0CCC3 /* Debug */ = {
			isa = XCBuildConfiguration;
			buildSettings = {
				ASSETCATALOG_COMPILER_APPICON_NAME = AppIcon;
				ASSETCATALOG_COMPILER_GLOBAL_ACCENT_COLOR_NAME = AccentColor;
				CODE_SIGN_ENTITLEMENTS = "CAD Taylor/CAD_Taylor.entitlements";
				CODE_SIGN_STYLE = Automatic;
				COMBINE_HIDPI_IMAGES = YES;
				CURRENT_PROJECT_VERSION = 1;
				DEVELOPMENT_ASSET_PATHS = "\"CAD Taylor/Preview Content\"";
				DEVELOPMENT_TEAM = 4KM7H283TG;
				ENABLE_HARDENED_RUNTIME = YES;
				ENABLE_PREVIEWS = YES;
				GENERATE_INFOPLIST_FILE = YES;
				INFOPLIST_KEY_NSHumanReadableCopyright = "";
				LD_RUNPATH_SEARCH_PATHS = (
					"$(inherited)",
					"@executable_path/../Frameworks",
				);
				MARKETING_VERSION = 1.0;
				PRODUCT_BUNDLE_IDENTIFIER = "pH.CAD-Taylor";
				PRODUCT_NAME = "$(TARGET_NAME)";
				SWIFT_EMIT_LOC_STRINGS = YES;
				SWIFT_VERSION = 5.0;
			};
			name = Debug;
		};
		FBE90E492E2B7E3000C0CCC3 /* Release */ = {
			isa = XCBuildConfiguration;
			buildSettings = {
				ASSETCATALOG_COMPILER_APPICON_NAME = AppIcon;
				ASSETCATALOG_COMPILER_GLOBAL_ACCENT_COLOR_NAME = AccentColor;
				CODE_SIGN_ENTITLEMENTS = "CAD Taylor/CAD_Taylor.entitlements";
				CODE_SIGN_STYLE = Automatic;
				COMBINE_HIDPI_IMAGES = YES;
				CURRENT_PROJECT_VERSION = 1;
				DEVELOPMENT_ASSET_PATHS = "\"CAD Taylor/Preview Content\"";
				DEVELOPMENT_TEAM = 4KM7H283TG;
				ENABLE_HARDENED_RUNTIME = YES;
				ENABLE_PREVIEWS = YES;
				GENERATE_INFOPLIST_FILE = YES;
				INFOPLIST_KEY_NSHumanReadableCopyright = "";
				LD_RUNPATH_SEARCH_PATHS = (
					"$(inherited)",
					"@executable_path/../Frameworks",
				);
				MARKETING_VERSION = 1.0;
				PRODUCT_BUNDLE_IDENTIFIER = "pH.CAD-Taylor";
				PRODUCT_NAME = "$(TARGET_NAME)";
				SWIFT_EMIT_LOC_STRINGS = YES;
				SWIFT_VERSION = 5.0;
			};
			name = Release;
		};
/* End XCBuildConfiguration section */

/* Begin XCConfigurationList section */
		FBE90E332E2B7E2E00C0CCC3 /* Build configuration list for PBXProject "CAD Taylor" */ = {
			isa = XCConfigurationList;
			buildConfigurations = (
				FBE90E452E2B7E3000C0CCC3 /* Debug */,
				FBE90E462E2B7E3000C0CCC3 /* Release */,
			);
			defaultConfigurationIsVisible = 0;
			defaultConfigurationName = Release;
		};
		FBE90E472E2B7E3000C0CCC3 /* Build configuration list for PBXNativeTarget "CAD Taylor" */ = {
			isa = XCConfigurationList;
			buildConfigurations = (
				FBE90E482E2B7E3000C0CCC3 /* Debug */,
				FBE90E492E2B7E3000C0CCC3 /* Release */,
			);
			defaultConfigurationIsVisible = 0;
			defaultConfigurationName = Release;
		};
/* End XCConfigurationList section */
	};
	rootObject = FBE90E302E2B7E2E00C0CCC3 /* Project object */;
}
